
Microsoft Visual Studio Solution File, Format Version 12.00
# Visual Studio 2012
Project("{8BC9CEB8-8B4A-11D0-8D11-00A0C91BC942}") = "IntMath", "IntMath\IntMath.vcxproj", "{FC4D3093-A38A-48C7-A56E-27420D081780}"
EndProject
Global
	GlobalSection(SolutionConfigurationPlatforms) = preSolution
		Debug|Win32 = Debug|Win32
		Release|Win32 = Release|Win32
	EndGlobalSection
	GlobalSection(ProjectConfigurationPlatforms) = postSolution
		{FC4D3093-A38A-48C7-A56E-27420D081780}.Debug|Win32.ActiveCfg = Debug|Win32
		{FC4D3093-A38A-48C7-A56E-27420D081780}.Debug|Win32.Build.0 = Debug|Win32
		{FC4D3093-A38A-48C7-A56E-27420D081780}.Release|Win32.ActiveCfg = Release|Win32
		{FC4D3093-A38A-48C7-A56E-27420D081780}.Release|Win32.Build.0 = Release|Win32
	EndGlobalSection
	GlobalSection(SolutionProperties) = preSolution
		HideSolutionNode = FALSE
	EndGlobalSection
EndGlobal
