
Microsoft Visual Studio Solution File, Format Version 12.00
# Visual Studio 2012
Project("{8BC9CEB8-8B4A-11D0-8D11-00A0C91BC942}") = "LGINT5", "LGINT5\LGINT5.vcxproj", "{74EB218F-959F-496D-8DCC-A09CEFB37117}"
EndProject
Global
	GlobalSection(SolutionConfigurationPlatforms) = preSolution
		Debug|Win32 = Debug|Win32
		Release|Win32 = Release|Win32
	EndGlobalSection
	GlobalSection(ProjectConfigurationPlatforms) = postSolution
		{74EB218F-959F-496D-8DCC-A09CEFB37117}.Debug|Win32.ActiveCfg = Debug|Win32
		{74EB218F-959F-496D-8DCC-A09CEFB37117}.Debug|Win32.Build.0 = Debug|Win32
		{74EB218F-959F-496D-8DCC-A09CEFB37117}.Release|Win32.ActiveCfg = Release|Win32
		{74EB218F-959F-496D-8DCC-A09CEFB37117}.Release|Win32.Build.0 = Release|Win32
	EndGlobalSection
	GlobalSection(SolutionProperties) = preSolution
		HideSolutionNode = FALSE
	EndGlobalSection
EndGlobal
