
Microsoft Visual Studio Solution File, Format Version 12.00
# Visual Studio 2012
Project("{8BC9CEB8-8B4A-11D0-8D11-00A0C91BC942}") = "even", "even\even.vcxproj", "{660514F6-C853-4AB8-82E6-A9F4B971CDB7}"
EndProject
Global
	GlobalSection(SolutionConfigurationPlatforms) = preSolution
		Debug|Win32 = Debug|Win32
		Release|Win32 = Release|Win32
	EndGlobalSection
	GlobalSection(ProjectConfigurationPlatforms) = postSolution
		{660514F6-C853-4AB8-82E6-A9F4B971CDB7}.Debug|Win32.ActiveCfg = Debug|Win32
		{660514F6-C853-4AB8-82E6-A9F4B971CDB7}.Debug|Win32.Build.0 = Debug|Win32
		{660514F6-C853-4AB8-82E6-A9F4B971CDB7}.Release|Win32.ActiveCfg = Release|Win32
		{660514F6-C853-4AB8-82E6-A9F4B971CDB7}.Release|Win32.Build.0 = Release|Win32
	EndGlobalSection
	GlobalSection(SolutionProperties) = preSolution
		HideSolutionNode = FALSE
	EndGlobalSection
EndGlobal
